
Microsoft Visual Studio Solution File, Format Version 12.00
# Visual Studio Version 16
VisualStudioVersion = 16.0.29230.47
MinimumVisualStudioVersion = 10.0.40219.1
Project("{E53339B2-1760-4266-BCC7-CA923CBCF16C}") = "docker-compose", "docker-compose.dcproj", "{C5AFB254-870B-404F-B5B9-66DC3E5227E1}"
EndProject
Project("{9A19103F-16F7-4668-BE54-9A1E7A4F7556}") = "Consul.AspNetCore.ServiceDiscovery", "Consul.AspNetCore.ServiceDiscovery\Consul.AspNetCore.ServiceDiscovery.csproj", "{541C8DFB-D64F-479E-AB9B-B2FE8E689FEB}"
EndProject
Project("{9A19103F-16F7-4668-BE54-9A1E7A4F7556}") = "Consul.AspNetCore.ServiceDiscovery.Example", "Consul.AspNetCore.ServiceDiscovery.Example\Consul.AspNetCore.ServiceDiscovery.Example.csproj", "{7175FE8E-BC32-462A-A4A4-9F77241021CA}"
EndProject
Project("{9A19103F-16F7-4668-BE54-9A1E7A4F7556}") = "Consul.AspNetCore.ServiceDiscovery.Example.Service", "Consul.AspNetCore.ServiceDiscovery.Example.Service\Consul.AspNetCore.ServiceDiscovery.Example.Service.csproj", "{CB7E4519-D52C-4F6F-B4FA-402015AF6780}"
EndProject
Global
	GlobalSection(SolutionConfigurationPlatforms) = preSolution
		Debug|Any CPU = Debug|Any CPU
		Release|Any CPU = Release|Any CPU
	EndGlobalSection
	GlobalSection(ProjectConfigurationPlatforms) = postSolution
		{C5AFB254-870B-404F-B5B9-66DC3E5227E1}.Debug|Any CPU.ActiveCfg = Debug|Any CPU
		{C5AFB254-870B-404F-B5B9-66DC3E5227E1}.Debug|Any CPU.Build.0 = Debug|Any CPU
		{C5AFB254-870B-404F-B5B9-66DC3E5227E1}.Release|Any CPU.ActiveCfg = Release|Any CPU
		{C5AFB254-870B-404F-B5B9-66DC3E5227E1}.Release|Any CPU.Build.0 = Release|Any CPU
		{541C8DFB-D64F-479E-AB9B-B2FE8E689FEB}.Debug|Any CPU.ActiveCfg = Debug|Any CPU
		{541C8DFB-D64F-479E-AB9B-B2FE8E689FEB}.Debug|Any CPU.Build.0 = Debug|Any CPU
		{541C8DFB-D64F-479E-AB9B-B2FE8E689FEB}.Release|Any CPU.ActiveCfg = Release|Any CPU
		{541C8DFB-D64F-479E-AB9B-B2FE8E689FEB}.Release|Any CPU.Build.0 = Release|Any CPU
		{7175FE8E-BC32-462A-A4A4-9F77241021CA}.Debug|Any CPU.ActiveCfg = Debug|Any CPU
		{7175FE8E-BC32-462A-A4A4-9F77241021CA}.Debug|Any CPU.Build.0 = Debug|Any CPU
		{7175FE8E-BC32-462A-A4A4-9F77241021CA}.Release|Any CPU.ActiveCfg = Release|Any CPU
		{7175FE8E-BC32-462A-A4A4-9F77241021CA}.Release|Any CPU.Build.0 = Release|Any CPU
		{CB7E4519-D52C-4F6F-B4FA-402015AF6780}.Debug|Any CPU.ActiveCfg = Debug|Any CPU
		{CB7E4519-D52C-4F6F-B4FA-402015AF6780}.Debug|Any CPU.Build.0 = Debug|Any CPU
		{CB7E4519-D52C-4F6F-B4FA-402015AF6780}.Release|Any CPU.ActiveCfg = Release|Any CPU
		{CB7E4519-D52C-4F6F-B4FA-402015AF6780}.Release|Any CPU.Build.0 = Release|Any CPU
	EndGlobalSection
	GlobalSection(SolutionProperties) = preSolution
		HideSolutionNode = FALSE
	EndGlobalSection
	GlobalSection(ExtensibilityGlobals) = postSolution
		SolutionGuid = {FF9F20B3-723E-494C-AEAA-F964FAEA65B4}
	EndGlobalSection
EndGlobal
